#MicroXplorer Configuration settings - do not modify
Mcu.Family=STM32F1
ProjectManager.MainLocation=Core/Src
RCC.MCOFreq_Value=72000000
ProjectManager.KeepUserCode=true
Mcu.UserName=STM32F103C8Tx
PB10.Mode=Asynchronous
ADC1.ContinuousConvMode=ENABLE
ADC1.Channel-17\#ChannelRegularConversion=ADC_CHANNEL_1
SH.ADCx_IN2.0=ADC1_IN2,IN2
ADC1.SamplingTime-6\#ChannelRegularConversion=ADC_SAMPLETIME_13CYCLES_5
RCC.PLLCLKFreq_Value=72000000
PC13-TAMPER-RTC.GPIOParameters=GPIO_Label
ADC1.Rank-17\#ChannelRegularConversion=8
ProjectManager.functionlistsort=1-MX_GPIO_Init-GPIO-false-HAL-true,2-MX_DMA_Init-DMA-false-HAL-true,3-SystemClock_Config-RCC-false-HAL-false,4-MX_ADC1_Init-ADC1-false-HAL-true,5-MX_CAN_Init-CAN-false-HAL-true,6-MX_USART3_UART_Init-USART3-false-HAL-true
PA11.Mode=CAN_Activate
RCC.ADCFreqValue=12000000
ADC1.SamplingTime-21\#ChannelRegularConversion=ADC_SAMPLETIME_13CYCLES_5
ADC1.SamplingTime-24\#ChannelRegularConversion=ADC_SAMPLETIME_7CYCLES_5
PB11.Signal=USART3_RX
PinOutPanel.RotationAngle=0
RCC.SYSCLKSource=RCC_SYSCLKSOURCE_PLLCLK
ProjectManager.StackSize=0x400
PD1-OSC_OUT.Signal=RCC_OSC_OUT
Mcu.IP4=NVIC
Mcu.IP5=RCC
RCC.FCLKCortexFreq_Value=72000000
Mcu.IP2=DMA
NVIC.SVCall_IRQn=true\:0\:0\:false\:false\:false\:false\:false\:false
Mcu.IP3=FREERTOS
Mcu.IP0=ADC1
Mcu.IP1=CAN
PA12.Signal=CAN_TX
CAN.Prescaler=9
USART3.BaudRate=9600
Mcu.UserConstants=
ADC1.Channel-5\#ChannelRegularConversion=ADC_CHANNEL_1
ADC1.Rank-23\#ChannelRegularConversion=14
Mcu.ThirdPartyNb=0
ADC1.Channel-3\#ChannelRegularConversion=ADC_CHANNEL_1
RCC.HCLKFreq_Value=72000000
SH.ADCx_IN3.0=ADC1_IN3,IN3
Mcu.IPNb=8
ProjectManager.PreviousToolchain=
RCC.APB2TimFreq_Value=72000000
Dma.ADC1.0.Direction=DMA_PERIPH_TO_MEMORY
ADC1.Channel-2\#ChannelRegularConversion=ADC_CHANNEL_1
SH.ADCx_IN3.ConfNb=1
Mcu.Pin6=PA3
Mcu.Pin7=PB10
ADC1.Rank-21\#ChannelRegularConversion=12
Mcu.Pin8=PB11
Mcu.Pin9=PB12
FREERTOS.IPParameters=Tasks01,FootprintOK,Mutexes01
Dma.ADC1.0.MemDataAlignment=DMA_MDATAALIGN_HALFWORD
RCC.AHBFreq_Value=72000000
Mcu.Pin0=PC13-TAMPER-RTC
Mcu.Pin1=PC15-OSC32_OUT
GPIO.groupedBy=Group By Peripherals
Mcu.Pin2=PD0-OSC_IN
Mcu.Pin3=PD1-OSC_OUT
Mcu.Pin4=PA1
Mcu.Pin5=PA2
ProjectManager.ProjectBuild=false
NVIC.UsageFault_IRQn=true\:0\:0\:false\:false\:true\:false\:false\:false
ADC1.Rank-20\#ChannelRegularConversion=11
NVIC.DebugMonitor_IRQn=true\:0\:0\:false\:false\:true\:false\:false\:false
NVIC.SysTick_IRQn=true\:15\:0\:false\:false\:false\:true\:false\:true
RCC.PLLMUL=RCC_PLL_MUL9
PB12.GPIO_Label=hotend_out
ProjectManager.FirmwarePackage=STM32Cube FW_F1 V1.8.3
ADC1.SamplingTime-4\#ChannelRegularConversion=ADC_SAMPLETIME_13CYCLES_5
MxDb.Version=DB.6.0.21
ADC1.Channel-6\#ChannelRegularConversion=ADC_CHANNEL_1
ADC1.Rank-2\#ChannelRegularConversion=2
ProjectManager.BackupPrevious=false
ADC1.Channel-19\#ChannelRegularConversion=ADC_CHANNEL_1
PA14.Mode=Serial_Wire
SH.ADCx_IN1.ConfNb=1
Dma.ADC1.0.PeriphInc=DMA_PINC_DISABLE
ADC1.Rank-19\#ChannelRegularConversion=10
File.Version=6
NVIC.PendSV_IRQn=true\:15\:0\:false\:false\:false\:true\:false\:false
VP_FREERTOS_VS_CMSIS_V1.Mode=CMSIS_V1
Dma.RequestsNb=1
CAN.CalculateTimeQuantum=250.0
ProjectManager.HalAssertFull=false
ProjectManager.ProjectName=John_Deere_SmartHeater
RCC.PLLMCOFreq_Value=36000000
ADC1.SamplingTime-23\#ChannelRegularConversion=ADC_SAMPLETIME_7CYCLES_5
Mcu.Package=LQFP48
NVIC.TimeBase=TIM4_IRQn
ADC1.Channel-23\#ChannelRegularConversion=ADC_CHANNEL_2
ProjectManager.ToolChainLocation=
NVIC.TimeBaseIP=TIM4
USART3.IPParameters=VirtualMode,WordLength,BaudRate
FREERTOS.FootprintOK=true
ADC1.SamplingTime-17\#ChannelRegularConversion=ADC_SAMPLETIME_13CYCLES_5
ADC1.Channel-21\#ChannelRegularConversion=ADC_CHANNEL_1
SH.ADCx_IN1.0=ADC1_IN1,IN1
RCC.APB1TimFreq_Value=72000000
NVIC.BusFault_IRQn=true\:0\:0\:false\:false\:true\:false\:false\:false
Dma.Request0=ADC1
ADC1.Rank-6\#ChannelRegularConversion=6
ProjectManager.CustomerFirmwarePackage=
ADC1.Rank-4\#ChannelRegularConversion=4
ADC1.SamplingTime-19\#ChannelRegularConversion=ADC_SAMPLETIME_13CYCLES_5
PA3.Signal=ADCx_IN3
RCC.PLLSourceVirtual=RCC_PLLSOURCE_HSE
ProjectManager.ProjectFileName=John_Deere_SmartHeater.ioc
Dma.ADC1.0.Instance=DMA1_Channel1
FREERTOS.Tasks01=adcRead,0,128,StartadcRead,Default,NULL,Dynamic,NULL,NULL;hotEnd,2,128,StarthotEnd,Default,NULL,Dynamic,NULL,NULL;CAN_sendDiagnos,0,128,StartCAN_sendDiagnostics,Default,NULL,Dynamic,NULL,NULL;efuse,0,128,Startefuse,Default,NULL,Dynamic,NULL,NULL
ADC1.Rank-22\#ChannelRegularConversion=13
PD1-OSC_OUT.Mode=HSE-External-Oscillator
ADC1.Channel-4\#ChannelRegularConversion=ADC_CHANNEL_1
Mcu.PinsNb=16
ProjectManager.NoMain=false
ADC1.Channel-22\#ChannelRegularConversion=ADC_CHANNEL_2
ADC1.IPParameters=Rank-1\#ChannelRegularConversion,Channel-1\#ChannelRegularConversion,SamplingTime-1\#ChannelRegularConversion,NbrOfConversionFlag,NbrOfConversion,Rank-2\#ChannelRegularConversion,Channel-2\#ChannelRegularConversion,SamplingTime-2\#ChannelRegularConversion,ContinuousConvMode,Rank-3\#ChannelRegularConversion,Channel-3\#ChannelRegularConversion,SamplingTime-3\#ChannelRegularConversion,Rank-4\#ChannelRegularConversion,Channel-4\#ChannelRegularConversion,SamplingTime-4\#ChannelRegularConversion,Rank-5\#ChannelRegularConversion,Channel-5\#ChannelRegularConversion,SamplingTime-5\#ChannelRegularConversion,Rank-6\#ChannelRegularConversion,Channel-6\#ChannelRegularConversion,SamplingTime-6\#ChannelRegularConversion,Rank-7\#ChannelRegularConversion,Channel-7\#ChannelRegularConversion,SamplingTime-7\#ChannelRegularConversion,master,Rank-17\#ChannelRegularConversion,Channel-17\#ChannelRegularConversion,SamplingTime-17\#ChannelRegularConversion,Rank-18\#ChannelRegularConversion,Channel-18\#ChannelRegularConversion,SamplingTime-18\#ChannelRegularConversion,Rank-19\#ChannelRegularConversion,Channel-19\#ChannelRegularConversion,SamplingTime-19\#ChannelRegularConversion,Rank-20\#ChannelRegularConversion,Channel-20\#ChannelRegularConversion,SamplingTime-20\#ChannelRegularConversion,Rank-21\#ChannelRegularConversion,Channel-21\#ChannelRegularConversion,SamplingTime-21\#ChannelRegularConversion,Rank-22\#ChannelRegularConversion,Channel-22\#ChannelRegularConversion,SamplingTime-22\#ChannelRegularConversion,Rank-23\#ChannelRegularConversion,Channel-23\#ChannelRegularConversion,SamplingTime-23\#ChannelRegularConversion,Rank-24\#ChannelRegularConversion,Channel-24\#ChannelRegularConversion,SamplingTime-24\#ChannelRegularConversion,Rank-25\#ChannelRegularConversion,Channel-25\#ChannelRegularConversion,SamplingTime-25\#ChannelRegularConversion
CAN.CalculateBaudRate=250000
NVIC.SavedSvcallIrqHandlerGenerated=true
ADC1.Rank-18\#ChannelRegularConversion=9
PC13-TAMPER-RTC.Signal=GPIO_Output
ProjectManager.DefaultFWLocation=true
PD0-OSC_IN.Signal=RCC_OSC_IN
PB12.Locked=true
ProjectManager.DeletePrevious=true
ADC1.SamplingTime-25\#ChannelRegularConversion=ADC_SAMPLETIME_7CYCLES_5
RCC.APB1CLKDivider=RCC_HCLK_DIV2
ADC1.Channel-25\#ChannelRegularConversion=ADC_CHANNEL_3
CAN.CalculateTimeBit=4000.00
ADC1.SamplingTime-2\#ChannelRegularConversion=ADC_SAMPLETIME_13CYCLES_5
RCC.FamilyName=M
ADC1.Channel-7\#ChannelRegularConversion=ADC_CHANNEL_1
ADC1.Rank-25\#ChannelRegularConversion=16
RCC.ADCPresc=RCC_ADCPCLK2_DIV6
PA13.Signal=SYS_JTMS-SWDIO
VP_FREERTOS_VS_CMSIS_V1.Signal=FREERTOS_VS_CMSIS_V1
Dma.ADC1.0.PeriphDataAlignment=DMA_PDATAALIGN_HALFWORD
CAN.BS2=CAN_BS2_2TQ
CAN.BS1=CAN_BS1_13TQ
PC15-OSC32_OUT.Locked=true
PB11.Mode=Asynchronous
ProjectManager.TargetToolchain=STM32CubeIDE
ADC1.SamplingTime-20\#ChannelRegularConversion=ADC_SAMPLETIME_13CYCLES_5
Dma.ADC1.0.Mode=DMA_CIRCULAR
ADC1.Channel-18\#ChannelRegularConversion=ADC_CHANNEL_1
Dma.ADC1.0.Priority=DMA_PRIORITY_LOW
ADC1.Channel-1\#ChannelRegularConversion=ADC_CHANNEL_1
ProjectManager.RegisterCallBack=
PC13-TAMPER-RTC.Locked=true
RCC.USBFreq_Value=72000000
PC15-OSC32_OUT.Signal=GPIO_Output
PA1.Signal=ADCx_IN1
PB10.Signal=USART3_TX
PD0-OSC_IN.Mode=HSE-External-Oscillator
board=custom
ProjectManager.LastFirmware=true
PC13-TAMPER-RTC.GPIO_Label=ADC_LED
USART3.WordLength=WORDLENGTH_9B
RCC.VCOOutput2Freq_Value=8000000
Dma.ADC1.0.RequestParameters=Instance,Direction,PeriphInc,MemInc,PeriphDataAlignment,MemDataAlignment,Mode,Priority
VP_SYS_VS_tim4.Signal=SYS_VS_tim4
NVIC.SavedSystickIrqHandlerGenerated=true
RCC.APB2Freq_Value=72000000
ADC1.Channel-24\#ChannelRegularConversion=ADC_CHANNEL_3
MxCube.Version=6.2.1
ADC1.Channel-20\#ChannelRegularConversion=ADC_CHANNEL_1
SH.ADCx_IN2.ConfNb=1
NVIC.USB_LP_CAN1_RX0_IRQn=true\:5\:0\:false\:false\:true\:true\:true\:true
ADC1.Rank-24\#ChannelRegularConversion=15
NVIC.NonMaskableInt_IRQn=true\:0\:0\:false\:false\:true\:false\:false\:false
ADC1.SamplingTime-22\#ChannelRegularConversion=ADC_SAMPLETIME_7CYCLES_5
CAN.IPParameters=CalculateTimeQuantum,CalculateTimeBit,CalculateBaudRate,Prescaler,BS1,BS2
ADC1.NbrOfConversion=16
PA13.Mode=Serial_Wire
ProjectManager.FreePins=false
RCC.IPParameters=ADCFreqValue,ADCPresc,AHBFreq_Value,APB1CLKDivider,APB1Freq_Value,APB1TimFreq_Value,APB2Freq_Value,APB2TimFreq_Value,FCLKCortexFreq_Value,FamilyName,HCLKFreq_Value,MCOFreq_Value,PLLCLKFreq_Value,PLLMCOFreq_Value,PLLMUL,PLLSourceVirtual,SYSCLKFreq_VALUE,SYSCLKSource,TimSysFreq_Value,USBFreq_Value,VCOOutput2Freq_Value
ProjectManager.AskForMigrate=true
Mcu.Name=STM32F103C(8-B)Tx
NVIC.SavedPendsvIrqHandlerGenerated=true
PA2.Signal=ADCx_IN2
ProjectManager.UnderRoot=true
Mcu.IP6=SYS
Mcu.IP7=USART3
ProjectManager.CoupleFile=false
ADC1.SamplingTime-1\#ChannelRegularConversion=ADC_SAMPLETIME_13CYCLES_5
RCC.SYSCLKFreq_VALUE=72000000
RCC.TimSysFreq_Value=72000000
ADC1.master=1
PA12.Mode=CAN_Activate
ADC1.SamplingTime-3\#ChannelRegularConversion=ADC_SAMPLETIME_13CYCLES_5
ADC1.Rank-3\#ChannelRegularConversion=3
NVIC.ForceEnableDMAVector=true
KeepUserPlacement=false
USART3.VirtualMode=VM_ASYNC
NVIC.MemoryManagement_IRQn=true\:0\:0\:false\:false\:true\:false\:false\:false
ProjectManager.CompilerOptimize=6
ADC1.Rank-1\#ChannelRegularConversion=1
PA11.Signal=CAN_RX
Dma.ADC1.0.MemInc=DMA_MINC_ENABLE
PA14.Signal=SYS_JTCK-SWCLK
ProjectManager.HeapSize=0x200
Mcu.Pin15=VP_SYS_VS_tim4
NVIC.HardFault_IRQn=true\:0\:0\:false\:false\:true\:false\:false\:false
Mcu.Pin13=PA14
Mcu.Pin14=VP_FREERTOS_VS_CMSIS_V1
VP_SYS_VS_tim4.Mode=TIM4
ADC1.SamplingTime-5\#ChannelRegularConversion=ADC_SAMPLETIME_13CYCLES_5
ProjectManager.ComputerToolchain=false
ADC1.Rank-7\#ChannelRegularConversion=7
FREERTOS.Mutexes01=mutexCAN,Dynamic,NULL
NVIC.PriorityGroup=NVIC_PRIORITYGROUP_4
ADC1.NbrOfConversionFlag=1
Mcu.Pin11=PA12
Mcu.Pin12=PA13
Mcu.Pin10=PA11
ADC1.SamplingTime-7\#ChannelRegularConversion=ADC_SAMPLETIME_13CYCLES_5
NVIC.DMA1_Channel1_IRQn=true\:5\:0\:false\:false\:true\:true\:false\:true
NVIC.TIM4_IRQn=true\:0\:0\:false\:false\:true\:false\:false\:true
RCC.APB1Freq_Value=36000000
ADC1.SamplingTime-18\#ChannelRegularConversion=ADC_SAMPLETIME_13CYCLES_5
ADC1.Rank-5\#ChannelRegularConversion=5
ProjectManager.DeviceId=STM32F103C8Tx
PB12.GPIOParameters=GPIO_Label
PB12.Signal=GPIO_Output
ProjectManager.LibraryCopy=1
isbadioc=false
